
Microsoft Visual Studio Solution File, Format Version 12.00
# Visual Studio Version 17
VisualStudioVersion = 17.4.33205.214
MinimumVisualStudioVersion = 10.0.40219.1
Project("{9A19103F-16F7-4668-BE54-9A1E7A4F7556}") = "Demo.OpenAI", "Demo.OpenAI\Demo.OpenAI.csproj", "{7AE02961-9935-4968-9297-8E3ABE20BEDF}"
EndProject
Global
	GlobalSection(SolutionConfigurationPlatforms) = preSolution
		Debug|Any CPU = Debug|Any CPU
		Release|Any CPU = Release|Any CPU
	EndGlobalSection
	GlobalSection(ProjectConfigurationPlatforms) = postSolution
		{7AE02961-9935-4968-9297-8E3ABE20BEDF}.Debug|Any CPU.ActiveCfg = Debug|Any CPU
		{7AE02961-9935-4968-9297-8E3ABE20BEDF}.Debug|Any CPU.Build.0 = Debug|Any CPU
		{7AE02961-9935-4968-9297-8E3ABE20BEDF}.Release|Any CPU.ActiveCfg = Release|Any CPU
		{7AE02961-9935-4968-9297-8E3ABE20BEDF}.Release|Any CPU.Build.0 = Release|Any CPU
	EndGlobalSection
	GlobalSection(SolutionProperties) = preSolution
		HideSolutionNode = FALSE
	EndGlobalSection
	GlobalSection(ExtensibilityGlobals) = postSolution
		SolutionGuid = {E370F0FF-DFB6-4389-972A-DA24ACD243C9}
	EndGlobalSection
EndGlobal
